
Microsoft Visual Studio Solution File, Format Version 12.00
# Visual Studio 14
VisualStudioVersion = 14.0.25420.1
MinimumVisualStudioVersion = 10.0.40219.1
Project("{FAE04EC0-301F-11D3-BF4B-00C04F79EFBC}") = "Augurk.CommandLine", "Augurk.CommandLine\Augurk.CommandLine.csproj", "{3D0E1E13-76C3-4CB7-B864-0F3D93672144}"
EndProject
Project("{2150E333-8FDC-42A3-9474-1A3956D46DE8}") = "Solution Items", "Solution Items", "{F906F5D3-BF38-45D1-9510-C422597C5D08}"
	ProjectSection(SolutionItems) = preProject
		..\appveyor.yml = ..\appveyor.yml
	EndProjectSection
EndProject
Global
	GlobalSection(SolutionConfigurationPlatforms) = preSolution
		Debug|Any CPU = Debug|Any CPU
		Release|Any CPU = Release|Any CPU
	EndGlobalSection
	GlobalSection(ProjectConfigurationPlatforms) = postSolution
		{3D0E1E13-76C3-4CB7-B864-0F3D93672144}.Debug|Any CPU.ActiveCfg = Debug|Any CPU
		{3D0E1E13-76C3-4CB7-B864-0F3D93672144}.Debug|Any CPU.Build.0 = Debug|Any CPU
		{3D0E1E13-76C3-4CB7-B864-0F3D93672144}.Release|Any CPU.ActiveCfg = Release|Any CPU
		{3D0E1E13-76C3-4CB7-B864-0F3D93672144}.Release|Any CPU.Build.0 = Release|Any CPU
	EndGlobalSection
	GlobalSection(SolutionProperties) = preSolution
		HideSolutionNode = FALSE
	EndGlobalSection
EndGlobal
