
Microsoft Visual Studio Solution File, Format Version 12.00
# Visual Studio 15
VisualStudioVersion = 15.0.28010.2048
MinimumVisualStudioVersion = 10.0.40219.1
Project("{9A19103F-16F7-4668-BE54-9A1E7A4F7556}") = "Augurk.CommandLine", "Augurk.CommandLine\Augurk.CommandLine.csproj", "{3D0E1E13-76C3-4CB7-B864-0F3D93672144}"
EndProject
Project("{2150E333-8FDC-42A3-9474-1A3956D46DE8}") = "Solution Items", "Solution Items", "{F906F5D3-BF38-45D1-9510-C422597C5D08}"
	ProjectSection(SolutionItems) = preProject
		..\azure-pipelines.yml = ..\azure-pipelines.yml
		..\GitVersion.yml = ..\GitVersion.yml
	EndProjectSection
EndProject
Project("{9A19103F-16F7-4668-BE54-9A1E7A4F7556}") = "Augurk.CommandLine.UnitTest", "Augurk.CommandLine.UnitTest\Augurk.CommandLine.UnitTest.csproj", "{2D5857CB-96F4-423A-9644-C79172792EB9}"
EndProject
Global
	GlobalSection(SolutionConfigurationPlatforms) = preSolution
		Debug|Any CPU = Debug|Any CPU
		Release|Any CPU = Release|Any CPU
	EndGlobalSection
	GlobalSection(ProjectConfigurationPlatforms) = postSolution
		{3D0E1E13-76C3-4CB7-B864-0F3D93672144}.Debug|Any CPU.ActiveCfg = Debug|Any CPU
		{3D0E1E13-76C3-4CB7-B864-0F3D93672144}.Debug|Any CPU.Build.0 = Debug|Any CPU
		{3D0E1E13-76C3-4CB7-B864-0F3D93672144}.Release|Any CPU.ActiveCfg = Release|Any CPU
		{3D0E1E13-76C3-4CB7-B864-0F3D93672144}.Release|Any CPU.Build.0 = Release|Any CPU
		{2D5857CB-96F4-423A-9644-C79172792EB9}.Debug|Any CPU.ActiveCfg = Debug|Any CPU
		{2D5857CB-96F4-423A-9644-C79172792EB9}.Debug|Any CPU.Build.0 = Debug|Any CPU
		{2D5857CB-96F4-423A-9644-C79172792EB9}.Release|Any CPU.ActiveCfg = Release|Any CPU
		{2D5857CB-96F4-423A-9644-C79172792EB9}.Release|Any CPU.Build.0 = Release|Any CPU
	EndGlobalSection
	GlobalSection(SolutionProperties) = preSolution
		HideSolutionNode = FALSE
	EndGlobalSection
	GlobalSection(ExtensibilityGlobals) = postSolution
		SolutionGuid = {4A8BD562-BA06-43AB-94CC-6857F2050E0A}
	EndGlobalSection
EndGlobal
